<?xml version="1.0" encoding="utf-8"?>
<Project ToolsVersion="4.0" xmlns="http://schemas.microsoft.com/developer/msbuild/2003">
  <ItemGroup>
    <ClCompile Include="src\Globals.cpp">
      <Filter>Application</Filter>
    </ClCompile>
    <ClCompile Include="src\main.cpp">
      <Filter>Application</Filter>
    </ClCompile>
    <ClCompile Include="src\ResourceManager.cpp">
      <Filter>Application</Filter>
    </ClCompile>
    <ClCompile Include="src\Game.cpp">
      <Filter>Core</Filter>
    </ClCompile>
    <ClCompile Include="src\Scene.cpp">
      <Filter>Core</Filter>
    </ClCompile>
    <ClCompile Include="src\Tilemap.cpp">
      <Filter>Core</Filter>
    </ClCompile>
    <ClCompile Include="src\Entity.cpp">
      <Filter>Entities</Filter>
    </ClCompile>
    <ClCompile Include="src\Object.cpp">
      <Filter>Entities</Filter>
    </ClCompile>
    <ClCompile Include="src\Balas.cpp">
      <Filter>Entities</Filter>
    </ClCompile>
    <ClCompile Include="src\Shot.cpp">
      <Filter>Entities</Filter>
    </ClCompile>
    <ClCompile Include="src\ShotManager.cpp">
      <Filter>Entities</Filter>
    </ClCompile>
    <ClCompile Include="src\Player.cpp">
      <Filter>Entities</Filter>
    </ClCompile>
    <ClCompile Include="src\AABB.cpp">
      <Filter>Geometry</Filter>
    </ClCompile>
    <ClCompile Include="src\RenderComponent.cpp">
      <Filter>Render</Filter>
    </ClCompile>
    <ClCompile Include="src\Sprite.cpp">
      <Filter>Render</Filter>
    </ClCompile>
    <ClCompile Include="src\StaticImage.cpp">
      <Filter>Render</Filter>
    </ClCompile>
    <ClCompile Include="src\Enemy.cpp">
      <Filter>Entities\Enemy</Filter>
    </ClCompile>
    <ClCompile Include="src\EnemyManager.cpp">
      <Filter>Entities\Enemy</Filter>
    </ClCompile>
    <ClCompile Include="src\FadeTransition.cpp">
      <Filter>Render</Filter>
    </ClCompile>
    <ClCompile Include="src\Text.cpp">
      <Filter>Render</Filter>
    </ClCompile>
  </ItemGroup>
  <ItemGroup>
    <ClInclude Include="src\Globals.h">
      <Filter>Application</Filter>
    </ClInclude>
    <ClInclude Include="src\MemLeaks.h">
      <Filter>Application</Filter>
    </ClInclude>
    <ClInclude Include="src\ResourceManager.h">
      <Filter>Application</Filter>
    </ClInclude>
    <ClInclude Include="src\Game.h">
      <Filter>Core</Filter>
    </ClInclude>
    <ClInclude Include="src\Scene.h">
      <Filter>Core</Filter>
    </ClInclude>
    <ClInclude Include="src\TileMap.h">
      <Filter>Core</Filter>
    </ClInclude>
    <ClInclude Include="src\Entity.h">
      <Filter>Entities</Filter>
    </ClInclude>
    <ClInclude Include="src\Object.h">
      <Filter>Entities</Filter>
    </ClInclude>
    <ClInclude Include="src\Balas.h">
      <Filter>Entities</Filter>
    </ClInclude>
    <ClInclude Include="src\Shot.h">
      <Filter>Entities</Filter>
    </ClInclude>
    <ClInclude Include="src\ShotManager.h">
      <Filter>Entities</Filter>
    </ClInclude>
    <ClInclude Include="src\Player.h">
      <Filter>Entities</Filter>
    </ClInclude>
    <ClInclude Include="src\AABB.h">
      <Filter>Geometry</Filter>
    </ClInclude>
    <ClInclude Include="src\Point.h">
      <Filter>Geometry</Filter>
    </ClInclude>
    <ClInclude Include="src\RenderComponent.h">
      <Filter>Render</Filter>
    </ClInclude>
    <ClInclude Include="src\Sprite.h">
      <Filter>Render</Filter>
    </ClInclude>
    <ClInclude Include="src\StaticImage.h">
      <Filter>Render</Filter>
    </ClInclude>
    <ClInclude Include="src\Enemy.h">
      <Filter>Entities\Enemy</Filter>
    </ClInclude>
    <ClInclude Include="src\EnemyManager.h">
      <Filter>Entities\Enemy</Filter>
    </ClInclude>
    <ClInclude Include="src\FadeTransition.h">
      <Filter>Render</Filter>
    </ClInclude>
    <ClInclude Include="src\Text.h">
      <Filter>Render</Filter>
    </ClInclude>
  </ItemGroup>
  <ItemGroup>
    <Filter Include="Application">
      <UniqueIdentifier>{9b02c88d-a8d0-4e48-96be-5e9ce712009c}</UniqueIdentifier>
    </Filter>
    <Filter Include="Core">
      <UniqueIdentifier>{b2a5108a-0c8d-4ab9-a1ea-7e638724df10}</UniqueIdentifier>
    </Filter>
    <Filter Include="Entities">
      <UniqueIdentifier>{9ed07e1e-1e1b-4b6d-a8ec-c9170d50248d}</UniqueIdentifier>
    </Filter>
    <Filter Include="Geometry">
      <UniqueIdentifier>{6b89e7de-f7bc-4d8d-b55f-839888289b7f}</UniqueIdentifier>
    </Filter>
    <Filter Include="Render">
      <UniqueIdentifier>{b4d4fde0-ad93-4159-b001-22a6b9883e7c}</UniqueIdentifier>
    </Filter>
    <Filter Include="Entities\Enemy">
      <UniqueIdentifier>{7559ec1c-83a9-4c15-9f6c-80d8ec57b8ab}</UniqueIdentifier>
    </Filter>
  </ItemGroup>
</Project>