<?xml version="1.0" encoding="utf-8"?>
<Project ToolsVersion="4.0" xmlns="http://schemas.microsoft.com/developer/msbuild/2003">
  <ItemGroup>
    <Filter Include="Application">
      <UniqueIdentifier>{4FC737F1-C7A5-4376-A066-2A32D752A2FF}</UniqueIdentifier>
      <Extensions>cpp;c;cc;cxx;c++;cppm;ixx;def;odl;idl;hpj;bat;asm;asmx</Extensions>
    </Filter>
    <Filter Include="Entity">
      <UniqueIdentifier>{f2813bb1-6e0f-447c-a219-85ebb014cb48}</UniqueIdentifier>
    </Filter>
    <Filter Include="Geometry">
      <UniqueIdentifier>{d363fef4-e561-4aec-83ae-6ae737b88548}</UniqueIdentifier>
    </Filter>
    <Filter Include="Render">
      <UniqueIdentifier>{bc3ee136-1f91-4018-9e5b-3af600b492a6}</UniqueIdentifier>
    </Filter>
    <Filter Include="Core">
      <UniqueIdentifier>{6cb1c5f5-b0ed-48a4-a888-0f8218eecfda}</UniqueIdentifier>
    </Filter>
  </ItemGroup>
  <ItemGroup>
    <ClCompile Include="src\Globals.cpp">
      <Filter>Application</Filter>
    </ClCompile>
    <ClCompile Include="src\main.cpp">
      <Filter>Application</Filter>
    </ClCompile>
    <ClCompile Include="src\ResourceManager.cpp">
      <Filter>Application</Filter>
    </ClCompile>
    <ClCompile Include="src\Game.cpp">
      <Filter>Core</Filter>
    </ClCompile>
    <ClCompile Include="src\Scene.cpp">
      <Filter>Core</Filter>
    </ClCompile>
    <ClCompile Include="src\Tilemap.cpp">
      <Filter>Core</Filter>
    </ClCompile>
    <ClCompile Include="src\Entity.cpp">
      <Filter>Entity</Filter>
    </ClCompile>
    <ClCompile Include="src\Player.cpp">
      <Filter>Entity</Filter>
    </ClCompile>
    <ClCompile Include="src\AABB.cpp">
      <Filter>Geometry</Filter>
    </ClCompile>
    <ClCompile Include="src\RenderComponent.cpp">
      <Filter>Render</Filter>
    </ClCompile>
    <ClCompile Include="src\Sprite.cpp">
      <Filter>Render</Filter>
    </ClCompile>
    <ClCompile Include="src\StaticImage.cpp">
      <Filter>Render</Filter>
    </ClCompile>
    <ClCompile Include="src\Object.cpp">
      <Filter>Entity</Filter>
    </ClCompile>
  </ItemGroup>
  <ItemGroup>
    <ClInclude Include="src\Globals.h">
      <Filter>Application</Filter>
    </ClInclude>
    <ClInclude Include="src\Memleaks.h">
      <Filter>Application</Filter>
    </ClInclude>
    <ClInclude Include="src\ResourceManager.h">
      <Filter>Application</Filter>
    </ClInclude>
    <ClInclude Include="src\Game.h">
      <Filter>Core</Filter>
    </ClInclude>
    <ClInclude Include="src\Scene.h">
      <Filter>Core</Filter>
    </ClInclude>
    <ClInclude Include="src\Tilemap.h">
      <Filter>Core</Filter>
    </ClInclude>
    <ClInclude Include="src\Entity.h">
      <Filter>Entity</Filter>
    </ClInclude>
    <ClInclude Include="src\Player.h">
      <Filter>Entity</Filter>
    </ClInclude>
    <ClInclude Include="src\AABB.h">
      <Filter>Geometry</Filter>
    </ClInclude>
    <ClInclude Include="src\Point.h">
      <Filter>Geometry</Filter>
    </ClInclude>
    <ClInclude Include="src\RenderComponent.h">
      <Filter>Render</Filter>
    </ClInclude>
    <ClInclude Include="src\Sprite.h">
      <Filter>Render</Filter>
    </ClInclude>
    <ClInclude Include="src\StaticImage.h">
      <Filter>Render</Filter>
    </ClInclude>
    <ClInclude Include="src\Object.h">
      <Filter>Entity</Filter>
    </ClInclude>
  </ItemGroup>
</Project>